
Microsoft Visual Studio Solution File, Format Version 12.00
# Visual Studio Version 16
VisualStudioVersion = 16.0.29411.108
MinimumVisualStudioVersion = 10.0.40219.1
Project("{FAE04EC0-301F-11D3-BF4B-00C04F79EFBC}") = "Serilogtest", "Serilogtest\Serilogtest.csproj", "{83298BC5-D4CC-4B36-AED8-97FB38C93DC0}"
EndProject
Global
	GlobalSection(SolutionConfigurationPlatforms) = preSolution
		Debug|Any CPU = Debug|Any CPU
		Release|Any CPU = Release|Any CPU
	EndGlobalSection
	GlobalSection(ProjectConfigurationPlatforms) = postSolution
		{83298BC5-D4CC-4B36-AED8-97FB38C93DC0}.Debug|Any CPU.ActiveCfg = Debug|Any CPU
		{83298BC5-D4CC-4B36-AED8-97FB38C93DC0}.Debug|Any CPU.Build.0 = Debug|Any CPU
		{83298BC5-D4CC-4B36-AED8-97FB38C93DC0}.Release|Any CPU.ActiveCfg = Release|Any CPU
		{83298BC5-D4CC-4B36-AED8-97FB38C93DC0}.Release|Any CPU.Build.0 = Release|Any CPU
	EndGlobalSection
	GlobalSection(SolutionProperties) = preSolution
		HideSolutionNode = FALSE
	EndGlobalSection
	GlobalSection(ExtensibilityGlobals) = postSolution
		SolutionGuid = {437909AB-761C-4819-A347-CA1665D45DF0}
	EndGlobalSection
EndGlobal
